
Microsoft Visual Studio Solution File, Format Version 12.00
# Visual Studio 15
VisualStudioVersion = 15.0.26430.6
MinimumVisualStudioVersion = 10.0.40219.1
Project("{FAE04EC0-301F-11D3-BF4B-00C04F79EFBC}") = "OOP4", "OOP4\OOP4.csproj", "{39D9C76C-0E6B-4A81-90C5-FE50ACCFE682}"
EndProject
Project("{FAE04EC0-301F-11D3-BF4B-00C04F79EFBC}") = "ComponentMap", "ComponentMap\ComponentMap.csproj", "{157A6F3F-481D-4711-AFE0-6A38FC0669D2}"
EndProject
Global
	GlobalSection(SolutionConfigurationPlatforms) = preSolution
		Debug|Any CPU = Debug|Any CPU
		Release|Any CPU = Release|Any CPU
	EndGlobalSection
	GlobalSection(ProjectConfigurationPlatforms) = postSolution
		{39D9C76C-0E6B-4A81-90C5-FE50ACCFE682}.Debug|Any CPU.ActiveCfg = Debug|Any CPU
		{39D9C76C-0E6B-4A81-90C5-FE50ACCFE682}.Debug|Any CPU.Build.0 = Debug|Any CPU
		{39D9C76C-0E6B-4A81-90C5-FE50ACCFE682}.Release|Any CPU.ActiveCfg = Release|Any CPU
		{39D9C76C-0E6B-4A81-90C5-FE50ACCFE682}.Release|Any CPU.Build.0 = Release|Any CPU
		{157A6F3F-481D-4711-AFE0-6A38FC0669D2}.Debug|Any CPU.ActiveCfg = Debug|Any CPU
		{157A6F3F-481D-4711-AFE0-6A38FC0669D2}.Debug|Any CPU.Build.0 = Debug|Any CPU
		{157A6F3F-481D-4711-AFE0-6A38FC0669D2}.Release|Any CPU.ActiveCfg = Release|Any CPU
		{157A6F3F-481D-4711-AFE0-6A38FC0669D2}.Release|Any CPU.Build.0 = Release|Any CPU
	EndGlobalSection
	GlobalSection(SolutionProperties) = preSolution
		HideSolutionNode = FALSE
	EndGlobalSection
EndGlobal
